// !$*UTF8*$!
{
	archiveVersion = 1;
	classes = {
	};
	objectVersion = 56;
	objects = {

/* Begin PBXBuildFile section */
		DA4CA8282E5E5BEC00095618 /* ProteinFlipApp.swift in Sources */ = {isa = PBXBuildFile; fileRef = DA4CA8272E5E5BEC00095618 /* ProteinFlipApp.swift */; };
		DA4CA82A2E5E5C5900095618 /* ProteinStore.swift in Sources */ = {isa = PBXBuildFile; fileRef = DA4CA8292E5E5C5900095618 /* ProteinStore.swift */; };
		DA4CA82C2E5E5C8200095618 /* Haptics.swift in Sources */ = {isa = PBXBuildFile; fileRef = DA4CA82B2E5E5C8200095618 /* Haptics.swift */; };
		DA4CA82E2E5E5C9D00095618 /* FlipDigit.swift in Sources */ = {isa = PBXBuildFile; fileRef = DA4CA82D2E5E5C9D00095618 /* FlipDigit.swift */; };
		DA4CA8302E5E5CBA00095618 /* HomeView.swift in Sources */ = {isa = PBXBuildFile; fileRef = DA4CA82F2E5E5CBA00095618 /* HomeView.swift */; };
               DA4CA8322E5E5CEA00095618 /* HistoryView.swift in Sources */ = {isa = PBXBuildFile; fileRef = DA4CA8312E5E5CEA00095618 /* HistoryView.swift */; };
               DA4CA8342E5E5D0200095618 /* GoalsView.swift in Sources */ = {isa = PBXBuildFile; fileRef = DA4CA8332E5E5D0200095618 /* GoalsView.swift */; };
               03F3CA5979F5DA9F6BE1A796 /* LaunchScreen.storyboard in Resources */ = {isa = PBXBuildFile; fileRef = 2B20C0EE97FF08746907A380 /* LaunchScreen.storyboard */; };
               A0D9CD58748147F6942BE8C4 /* ProteinFlipUITests.swift in Sources */ = {isa = PBXBuildFile; fileRef = 6928035D087D4C71A2AFE7FD /* ProteinFlipUITests.swift */; };
/* End PBXBuildFile section */

/* Begin PBXContainerItemProxy section */
		DA4CA80B2E5E5AB000095618 /* PBXContainerItemProxy */ = {
			isa = PBXContainerItemProxy;
			containerPortal = DA4CA7EC2E5E5AAC00095618 /* Project object */;
			proxyType = 1;
			remoteGlobalIDString = DA4CA7F32E5E5AAC00095618;
			remoteInfo = ProteinFlip;
		};
		DA4CA8152E5E5AB000095618 /* PBXContainerItemProxy */ = {
			isa = PBXContainerItemProxy;
			containerPortal = DA4CA7EC2E5E5AAC00095618 /* Project object */;
			proxyType = 1;
			remoteGlobalIDString = DA4CA7F32E5E5AAC00095618;
			remoteInfo = ProteinFlip;
		};
/* End PBXContainerItemProxy section */

/* Begin PBXFileReference section */
		DA4CA7F42E5E5AAC00095618 /* ProteinFlip.app */ = {isa = PBXFileReference; explicitFileType = wrapper.application; includeInIndex = 0; path = ProteinFlip.app; sourceTree = BUILT_PRODUCTS_DIR; };
		DA4CA80A2E5E5AB000095618 /* ProteinFlipTests.xctest */ = {isa = PBXFileReference; explicitFileType = wrapper.cfbundle; includeInIndex = 0; path = ProteinFlipTests.xctest; sourceTree = BUILT_PRODUCTS_DIR; };
		DA4CA8142E5E5AB000095618 /* ProteinFlipUITests.xctest */ = {isa = PBXFileReference; explicitFileType = wrapper.cfbundle; includeInIndex = 0; path = ProteinFlipUITests.xctest; sourceTree = BUILT_PRODUCTS_DIR; };
		DA4CA8272E5E5BEC00095618 /* ProteinFlipApp.swift */ = {isa = PBXFileReference; lastKnownFileType = sourcecode.swift; path = ProteinFlipApp.swift; sourceTree = "<group>"; };
		DA4CA8292E5E5C5900095618 /* ProteinStore.swift */ = {isa = PBXFileReference; lastKnownFileType = sourcecode.swift; path = ProteinStore.swift; sourceTree = "<group>"; };
		DA4CA82B2E5E5C8200095618 /* Haptics.swift */ = {isa = PBXFileReference; lastKnownFileType = sourcecode.swift; path = Haptics.swift; sourceTree = "<group>"; };
		DA4CA82D2E5E5C9D00095618 /* FlipDigit.swift */ = {isa = PBXFileReference; lastKnownFileType = sourcecode.swift; path = FlipDigit.swift; sourceTree = "<group>"; };
		DA4CA82F2E5E5CBA00095618 /* HomeView.swift */ = {isa = PBXFileReference; lastKnownFileType = sourcecode.swift; path = HomeView.swift; sourceTree = "<group>"; };
		DA4CA8312E5E5CEA00095618 /* HistoryView.swift */ = {isa = PBXFileReference; lastKnownFileType = sourcecode.swift; path = HistoryView.swift; sourceTree = "<group>"; };
               DA4CA8332E5E5D0200095618 /* GoalsView.swift */ = {isa = PBXFileReference; lastKnownFileType = sourcecode.swift; path = GoalsView.swift; sourceTree = "<group>"; };
               DA4CA8362E5E5D2B00095618 /* Info.plist */ = {isa = PBXFileReference; lastKnownFileType = text.plist.xml; path = Info.plist; sourceTree = "<group>"; };
               2B20C0EE97FF08746907A380 /* LaunchScreen.storyboard */ = {isa = PBXFileReference; lastKnownFileType = file.storyboard; path = LaunchScreen.storyboard; sourceTree = "<group>"; };
               6928035D087D4C71A2AFE7FD /* ProteinFlipUITests.swift */ = {isa = PBXFileReference; lastKnownFileType = sourcecode.swift; path = ProteinFlipUITests.swift; sourceTree = "<group>"; };
/* End PBXFileReference section */

/* Begin PBXFrameworksBuildPhase section */
		DA4CA7F12E5E5AAC00095618 /* Frameworks */ = {
			isa = PBXFrameworksBuildPhase;
			buildActionMask = 2147483647;
			files = (
			);
			runOnlyForDeploymentPostprocessing = 0;
		};
		DA4CA8072E5E5AB000095618 /* Frameworks */ = {
			isa = PBXFrameworksBuildPhase;
			buildActionMask = 2147483647;
			files = (
			);
			runOnlyForDeploymentPostprocessing = 0;
		};
		DA4CA8112E5E5AB000095618 /* Frameworks */ = {
			isa = PBXFrameworksBuildPhase;
			buildActionMask = 2147483647;
			files = (
			);
			runOnlyForDeploymentPostprocessing = 0;
		};
/* End PBXFrameworksBuildPhase section */

/* Begin PBXGroup section */
                DA4CA7EB2E5E5AAC00095618 = {
                        isa = PBXGroup;
                        children = (
                                DA4CA7F62E5E5AAC00095618 /* ProteinFlip */,
                               0A96BD0591C84DF8B38AEAE2 /* ProteinFlipUITests */,
                                DA4CA7F52E5E5AAC00095618 /* Products */,
                        );
                        sourceTree = "<group>";
                };
		DA4CA7F52E5E5AAC00095618 /* Products */ = {
			isa = PBXGroup;
			children = (
				DA4CA7F42E5E5AAC00095618 /* ProteinFlip.app */,
				DA4CA80A2E5E5AB000095618 /* ProteinFlipTests.xctest */,
				DA4CA8142E5E5AB000095618 /* ProteinFlipUITests.xctest */,
			);
			name = Products;
			sourceTree = "<group>";
		};
                DA4CA7F62E5E5AAC00095618 /* ProteinFlip */ = {
                        isa = PBXGroup;
                        children = (
                                DA4CA8272E5E5BEC00095618 /* ProteinFlipApp.swift */,
                                DA4CA8292E5E5C5900095618 /* ProteinStore.swift */,
                                DA4CA82B2E5E5C8200095618 /* Haptics.swift */,
                                DA4CA82D2E5E5C9D00095618 /* FlipDigit.swift */,
                                DA4CA82F2E5E5CBA00095618 /* HomeView.swift */,
                               DA4CA8312E5E5CEA00095618 /* HistoryView.swift */,
                               DA4CA8332E5E5D0200095618 /* GoalsView.swift */,
                               2B20C0EE97FF08746907A380 /* LaunchScreen.storyboard */,
                                DA4CA8362E5E5D2B00095618 /* Info.plist */,
                        );
                        path = ProteinFlip;
                        sourceTree = "<group>";
                };
               0A96BD0591C84DF8B38AEAE2 /* ProteinFlipUITests */ = {
                       isa = PBXGroup;
                       children = (
                               6928035D087D4C71A2AFE7FD /* ProteinFlipUITests.swift */,
                       );
                       path = ProteinFlipUITests;
                       sourceTree = "<group>";
               };
/* End PBXGroup section */

/* Begin PBXNativeTarget section */
		DA4CA7F32E5E5AAC00095618 /* ProteinFlip */ = {
			isa = PBXNativeTarget;
			buildConfigurationList = DA4CA81E2E5E5AB000095618 /* Build configuration list for PBXNativeTarget "ProteinFlip" */;
			buildPhases = (
				DA4CA7F02E5E5AAC00095618 /* Sources */,
				DA4CA7F12E5E5AAC00095618 /* Frameworks */,
				DA4CA7F22E5E5AAC00095618 /* Resources */,
			);
			buildRules = (
			);
			dependencies = (
			);
			name = ProteinFlip;
			productName = ProteinFlip;
			productReference = DA4CA7F42E5E5AAC00095618 /* ProteinFlip.app */;
			productType = "com.apple.product-type.application";
		};
		DA4CA8092E5E5AB000095618 /* ProteinFlipTests */ = {
			isa = PBXNativeTarget;
			buildConfigurationList = DA4CA8212E5E5AB000095618 /* Build configuration list for PBXNativeTarget "ProteinFlipTests" */;
			buildPhases = (
				DA4CA8062E5E5AB000095618 /* Sources */,
				DA4CA8072E5E5AB000095618 /* Frameworks */,
				DA4CA8082E5E5AB000095618 /* Resources */,
			);
			buildRules = (
			);
			dependencies = (
				DA4CA80C2E5E5AB000095618 /* PBXTargetDependency */,
			);
			name = ProteinFlipTests;
			productName = ProteinFlipTests;
			productReference = DA4CA80A2E5E5AB000095618 /* ProteinFlipTests.xctest */;
			productType = "com.apple.product-type.bundle.unit-test";
		};
		DA4CA8132E5E5AB000095618 /* ProteinFlipUITests */ = {
			isa = PBXNativeTarget;
			buildConfigurationList = DA4CA8242E5E5AB000095618 /* Build configuration list for PBXNativeTarget "ProteinFlipUITests" */;
			buildPhases = (
				DA4CA8102E5E5AB000095618 /* Sources */,
				DA4CA8112E5E5AB000095618 /* Frameworks */,
				DA4CA8122E5E5AB000095618 /* Resources */,
			);
			buildRules = (
			);
			dependencies = (
				DA4CA8162E5E5AB000095618 /* PBXTargetDependency */,
			);
			name = ProteinFlipUITests;
			productName = ProteinFlipUITests;
			productReference = DA4CA8142E5E5AB000095618 /* ProteinFlipUITests.xctest */;
			productType = "com.apple.product-type.bundle.ui-testing";
		};
/* End PBXNativeTarget section */

/* Begin PBXProject section */
		DA4CA7EC2E5E5AAC00095618 /* Project object */ = {
			isa = PBXProject;
			attributes = {
				BuildIndependentTargetsInParallel = 1;
				LastSwiftUpdateCheck = 1420;
				LastUpgradeCheck = 1420;
				TargetAttributes = {
					DA4CA7F32E5E5AAC00095618 = {
						CreatedOnToolsVersion = 14.2;
						LastSwiftMigration = 1420;
					};
					DA4CA8092E5E5AB000095618 = {
						CreatedOnToolsVersion = 14.2;
						TestTargetID = DA4CA7F32E5E5AAC00095618;
					};
					DA4CA8132E5E5AB000095618 = {
						CreatedOnToolsVersion = 14.2;
						TestTargetID = DA4CA7F32E5E5AAC00095618;
					};
				};
			};
			buildConfigurationList = DA4CA7EF2E5E5AAC00095618 /* Build configuration list for PBXProject "ProteinFlip" */;
			compatibilityVersion = "Xcode 14.0";
			developmentRegion = en;
			hasScannedForEncodings = 0;
			knownRegions = (
				en,
				Base,
			);
			mainGroup = DA4CA7EB2E5E5AAC00095618;
			productRefGroup = DA4CA7F52E5E5AAC00095618 /* Products */;
			projectDirPath = "";
			projectRoot = "";
			targets = (
				DA4CA7F32E5E5AAC00095618 /* ProteinFlip */,
				DA4CA8092E5E5AB000095618 /* ProteinFlipTests */,
				DA4CA8132E5E5AB000095618 /* ProteinFlipUITests */,
			);
		};
/* End PBXProject section */

/* Begin PBXResourcesBuildPhase section */
               DA4CA7F22E5E5AAC00095618 /* Resources */ = {
                       isa = PBXResourcesBuildPhase;
                       buildActionMask = 2147483647;
                       files = (
                               03F3CA5979F5DA9F6BE1A796 /* LaunchScreen.storyboard in Resources */,
                       );
                       runOnlyForDeploymentPostprocessing = 0;
               };
		DA4CA8082E5E5AB000095618 /* Resources */ = {
			isa = PBXResourcesBuildPhase;
			buildActionMask = 2147483647;
			files = (
			);
			runOnlyForDeploymentPostprocessing = 0;
		};
		DA4CA8122E5E5AB000095618 /* Resources */ = {
			isa = PBXResourcesBuildPhase;
			buildActionMask = 2147483647;
			files = (
			);
			runOnlyForDeploymentPostprocessing = 0;
		};
/* End PBXResourcesBuildPhase section */

/* Begin PBXSourcesBuildPhase section */
		DA4CA7F02E5E5AAC00095618 /* Sources */ = {
			isa = PBXSourcesBuildPhase;
			buildActionMask = 2147483647;
			files = (
				DA4CA82C2E5E5C8200095618 /* Haptics.swift in Sources */,
				DA4CA8322E5E5CEA00095618 /* HistoryView.swift in Sources */,
				DA4CA8282E5E5BEC00095618 /* ProteinFlipApp.swift in Sources */,
				DA4CA82E2E5E5C9D00095618 /* FlipDigit.swift in Sources */,
				DA4CA8342E5E5D0200095618 /* GoalsView.swift in Sources */,
				DA4CA8302E5E5CBA00095618 /* HomeView.swift in Sources */,
				DA4CA82A2E5E5C5900095618 /* ProteinStore.swift in Sources */,
			);
			runOnlyForDeploymentPostprocessing = 0;
		};
		DA4CA8062E5E5AB000095618 /* Sources */ = {
			isa = PBXSourcesBuildPhase;
			buildActionMask = 2147483647;
			files = (
			);
			runOnlyForDeploymentPostprocessing = 0;
		};
                DA4CA8102E5E5AB000095618 /* Sources */ = {
                        isa = PBXSourcesBuildPhase;
                        buildActionMask = 2147483647;
                        files = (
                               A0D9CD58748147F6942BE8C4 /* ProteinFlipUITests.swift in Sources */,
                        );
                        runOnlyForDeploymentPostprocessing = 0;
                };
/* End PBXSourcesBuildPhase section */

/* Begin PBXTargetDependency section */
		DA4CA80C2E5E5AB000095618 /* PBXTargetDependency */ = {
			isa = PBXTargetDependency;
			target = DA4CA7F32E5E5AAC00095618 /* ProteinFlip */;
			targetProxy = DA4CA80B2E5E5AB000095618 /* PBXContainerItemProxy */;
		};
		DA4CA8162E5E5AB000095618 /* PBXTargetDependency */ = {
			isa = PBXTargetDependency;
			target = DA4CA7F32E5E5AAC00095618 /* ProteinFlip */;
			targetProxy = DA4CA8152E5E5AB000095618 /* PBXContainerItemProxy */;
		};
/* End PBXTargetDependency section */

/* Begin XCBuildConfiguration section */
		DA4CA81C2E5E5AB000095618 /* Debug */ = {
			isa = XCBuildConfiguration;
			buildSettings = {
				ALWAYS_SEARCH_USER_PATHS = NO;
				CLANG_ANALYZER_NONNULL = YES;
				CLANG_ANALYZER_NUMBER_OBJECT_CONVERSION = YES_AGGRESSIVE;
				CLANG_CXX_LANGUAGE_STANDARD = "gnu++20";
				CLANG_ENABLE_MODULES = YES;
				CLANG_ENABLE_OBJC_ARC = YES;
				CLANG_ENABLE_OBJC_WEAK = YES;
				CLANG_WARN_BLOCK_CAPTURE_AUTORELEASING = YES;
				CLANG_WARN_BOOL_CONVERSION = YES;
				CLANG_WARN_COMMA = YES;
				CLANG_WARN_CONSTANT_CONVERSION = YES;
				CLANG_WARN_DEPRECATED_OBJC_IMPLEMENTATIONS = YES;
				CLANG_WARN_DIRECT_OBJC_ISA_USAGE = YES_ERROR;
				CLANG_WARN_DOCUMENTATION_COMMENTS = YES;
				CLANG_WARN_EMPTY_BODY = YES;
				CLANG_WARN_ENUM_CONVERSION = YES;
				CLANG_WARN_INFINITE_RECURSION = YES;
				CLANG_WARN_INT_CONVERSION = YES;
				CLANG_WARN_NON_LITERAL_NULL_CONVERSION = YES;
				CLANG_WARN_OBJC_IMPLICIT_RETAIN_SELF = YES;
				CLANG_WARN_OBJC_LITERAL_CONVERSION = YES;
				CLANG_WARN_OBJC_ROOT_CLASS = YES_ERROR;
				CLANG_WARN_QUOTED_INCLUDE_IN_FRAMEWORK_HEADER = YES;
				CLANG_WARN_RANGE_LOOP_ANALYSIS = YES;
				CLANG_WARN_STRICT_PROTOTYPES = YES;
				CLANG_WARN_SUSPICIOUS_MOVE = YES;
				CLANG_WARN_UNGUARDED_AVAILABILITY = YES_AGGRESSIVE;
				CLANG_WARN_UNREACHABLE_CODE = YES;
				CLANG_WARN__DUPLICATE_METHOD_MATCH = YES;
				COPY_PHASE_STRIP = NO;
				DEBUG_INFORMATION_FORMAT = dwarf;
				ENABLE_STRICT_OBJC_MSGSEND = YES;
				ENABLE_TESTABILITY = YES;
				GCC_C_LANGUAGE_STANDARD = gnu11;
				GCC_DYNAMIC_NO_PIC = NO;
				GCC_NO_COMMON_BLOCKS = YES;
				GCC_OPTIMIZATION_LEVEL = 0;
				GCC_PREPROCESSOR_DEFINITIONS = (
					"DEBUG=1",
					"$(inherited)",
				);
				GCC_WARN_64_TO_32_BIT_CONVERSION = YES;
				GCC_WARN_ABOUT_RETURN_TYPE = YES_ERROR;
				GCC_WARN_UNDECLARED_SELECTOR = YES;
				GCC_WARN_UNINITIALIZED_AUTOS = YES_AGGRESSIVE;
				GCC_WARN_UNUSED_FUNCTION = YES;
				GCC_WARN_UNUSED_VARIABLE = YES;
				IPHONEOS_DEPLOYMENT_TARGET = 16.2;
				MTL_ENABLE_DEBUG_INFO = INCLUDE_SOURCE;
				MTL_FAST_MATH = YES;
				ONLY_ACTIVE_ARCH = YES;
				SDKROOT = iphoneos;
				SWIFT_ACTIVE_COMPILATION_CONDITIONS = DEBUG;
				SWIFT_OPTIMIZATION_LEVEL = "-Onone";
			};
			name = Debug;
		};
		DA4CA81D2E5E5AB000095618 /* Release */ = {
			isa = XCBuildConfiguration;
			buildSettings = {
				ALWAYS_SEARCH_USER_PATHS = NO;
				CLANG_ANALYZER_NONNULL = YES;
				CLANG_ANALYZER_NUMBER_OBJECT_CONVERSION = YES_AGGRESSIVE;
				CLANG_CXX_LANGUAGE_STANDARD = "gnu++20";
				CLANG_ENABLE_MODULES = YES;
				CLANG_ENABLE_OBJC_ARC = YES;
				CLANG_ENABLE_OBJC_WEAK = YES;
				CLANG_WARN_BLOCK_CAPTURE_AUTORELEASING = YES;
				CLANG_WARN_BOOL_CONVERSION = YES;
				CLANG_WARN_COMMA = YES;
				CLANG_WARN_CONSTANT_CONVERSION = YES;
				CLANG_WARN_DEPRECATED_OBJC_IMPLEMENTATIONS = YES;
				CLANG_WARN_DIRECT_OBJC_ISA_USAGE = YES_ERROR;
				CLANG_WARN_DOCUMENTATION_COMMENTS = YES;
				CLANG_WARN_EMPTY_BODY = YES;
				CLANG_WARN_ENUM_CONVERSION = YES;
				CLANG_WARN_INFINITE_RECURSION = YES;
				CLANG_WARN_INT_CONVERSION = YES;
				CLANG_WARN_NON_LITERAL_NULL_CONVERSION = YES;
				CLANG_WARN_OBJC_IMPLICIT_RETAIN_SELF = YES;
				CLANG_WARN_OBJC_LITERAL_CONVERSION = YES;
				CLANG_WARN_OBJC_ROOT_CLASS = YES_ERROR;
				CLANG_WARN_QUOTED_INCLUDE_IN_FRAMEWORK_HEADER = YES;
				CLANG_WARN_RANGE_LOOP_ANALYSIS = YES;
				CLANG_WARN_STRICT_PROTOTYPES = YES;
				CLANG_WARN_SUSPICIOUS_MOVE = YES;
				CLANG_WARN_UNGUARDED_AVAILABILITY = YES_AGGRESSIVE;
				CLANG_WARN_UNREACHABLE_CODE = YES;
				CLANG_WARN__DUPLICATE_METHOD_MATCH = YES;
				COPY_PHASE_STRIP = NO;
				DEBUG_INFORMATION_FORMAT = "dwarf-with-dsym";
				ENABLE_NS_ASSERTIONS = NO;
				ENABLE_STRICT_OBJC_MSGSEND = YES;
				GCC_C_LANGUAGE_STANDARD = gnu11;
				GCC_NO_COMMON_BLOCKS = YES;
				GCC_WARN_64_TO_32_BIT_CONVERSION = YES;
				GCC_WARN_ABOUT_RETURN_TYPE = YES_ERROR;
				GCC_WARN_UNDECLARED_SELECTOR = YES;
				GCC_WARN_UNINITIALIZED_AUTOS = YES_AGGRESSIVE;
				GCC_WARN_UNUSED_FUNCTION = YES;
				GCC_WARN_UNUSED_VARIABLE = YES;
				IPHONEOS_DEPLOYMENT_TARGET = 16.2;
				MTL_ENABLE_DEBUG_INFO = NO;
				MTL_FAST_MATH = YES;
				SDKROOT = iphoneos;
				SWIFT_COMPILATION_MODE = wholemodule;
				SWIFT_OPTIMIZATION_LEVEL = "-O";
				VALIDATE_PRODUCT = YES;
			};
			name = Release;
		};
		DA4CA81F2E5E5AB000095618 /* Debug */ = {
			isa = XCBuildConfiguration;
			buildSettings = {
				ASSETCATALOG_COMPILER_APPICON_NAME = AppIcon;
				ASSETCATALOG_COMPILER_GLOBAL_ACCENT_COLOR_NAME = AccentColor;
				CLANG_ENABLE_MODULES = YES;
				CODE_SIGN_STYLE = Automatic;
				CURRENT_PROJECT_VERSION = 1;
				DEVELOPMENT_TEAM = Y3236QX6RL;
                                GENERATE_INFOPLIST_FILE = NO;
                                INFOPLIST_FILE = ProteinFlip/Info.plist;
                                INFOPLIST_KEY_UIApplicationSupportsIndirectInputEvents = YES;
				INFOPLIST_KEY_UISupportedInterfaceOrientations_iPad = "UIInterfaceOrientationPortrait UIInterfaceOrientationPortraitUpsideDown UIInterfaceOrientationLandscapeLeft UIInterfaceOrientationLandscapeRight";
				INFOPLIST_KEY_UISupportedInterfaceOrientations_iPhone = "UIInterfaceOrientationPortrait UIInterfaceOrientationLandscapeLeft UIInterfaceOrientationLandscapeRight";
				LD_RUNPATH_SEARCH_PATHS = (
					"$(inherited)",
					"@executable_path/Frameworks",
				);
				MARKETING_VERSION = 1.0;
				PRODUCT_BUNDLE_IDENTIFIER = CharB.ProteinFlip;
				PRODUCT_NAME = "$(TARGET_NAME)";
				SWIFT_EMIT_LOC_STRINGS = YES;
				SWIFT_OPTIMIZATION_LEVEL = "-Onone";
				SWIFT_VERSION = 5.0;
				TARGETED_DEVICE_FAMILY = "1,2";
			};
			name = Debug;
		};
		DA4CA8202E5E5AB000095618 /* Release */ = {
			isa = XCBuildConfiguration;
			buildSettings = {
				ASSETCATALOG_COMPILER_APPICON_NAME = AppIcon;
				ASSETCATALOG_COMPILER_GLOBAL_ACCENT_COLOR_NAME = AccentColor;
				CLANG_ENABLE_MODULES = YES;
				CODE_SIGN_STYLE = Automatic;
				CURRENT_PROJECT_VERSION = 1;
				DEVELOPMENT_TEAM = Y3236QX6RL;
                                GENERATE_INFOPLIST_FILE = NO;
                                INFOPLIST_FILE = ProteinFlip/Info.plist;
                                INFOPLIST_KEY_UIApplicationSupportsIndirectInputEvents = YES;
				INFOPLIST_KEY_UISupportedInterfaceOrientations_iPad = "UIInterfaceOrientationPortrait UIInterfaceOrientationPortraitUpsideDown UIInterfaceOrientationLandscapeLeft UIInterfaceOrientationLandscapeRight";
				INFOPLIST_KEY_UISupportedInterfaceOrientations_iPhone = "UIInterfaceOrientationPortrait UIInterfaceOrientationLandscapeLeft UIInterfaceOrientationLandscapeRight";
				LD_RUNPATH_SEARCH_PATHS = (
					"$(inherited)",
					"@executable_path/Frameworks",
				);
				MARKETING_VERSION = 1.0;
				PRODUCT_BUNDLE_IDENTIFIER = CharB.ProteinFlip;
				PRODUCT_NAME = "$(TARGET_NAME)";
				SWIFT_EMIT_LOC_STRINGS = YES;
				SWIFT_VERSION = 5.0;
				TARGETED_DEVICE_FAMILY = "1,2";
			};
			name = Release;
		};
		DA4CA8222E5E5AB000095618 /* Debug */ = {
			isa = XCBuildConfiguration;
			buildSettings = {
				ALWAYS_EMBED_SWIFT_STANDARD_LIBRARIES = YES;
				BUNDLE_LOADER = "$(TEST_HOST)";
				CODE_SIGN_STYLE = Automatic;
				CURRENT_PROJECT_VERSION = 1;
				DEVELOPMENT_TEAM = Y3236QX6RL;
				GENERATE_INFOPLIST_FILE = YES;
				IPHONEOS_DEPLOYMENT_TARGET = 16.2;
				MARKETING_VERSION = 1.0;
				PRODUCT_BUNDLE_IDENTIFIER = CharB.ProteinFlipTests;
				PRODUCT_NAME = "$(TARGET_NAME)";
				SWIFT_EMIT_LOC_STRINGS = NO;
				SWIFT_VERSION = 5.0;
				TARGETED_DEVICE_FAMILY = "1,2";
				TEST_HOST = "$(BUILT_PRODUCTS_DIR)/ProteinFlip.app/$(BUNDLE_EXECUTABLE_FOLDER_PATH)/ProteinFlip";
			};
			name = Debug;
		};
		DA4CA8232E5E5AB000095618 /* Release */ = {
			isa = XCBuildConfiguration;
			buildSettings = {
				ALWAYS_EMBED_SWIFT_STANDARD_LIBRARIES = YES;
				BUNDLE_LOADER = "$(TEST_HOST)";
				CODE_SIGN_STYLE = Automatic;
				CURRENT_PROJECT_VERSION = 1;
				DEVELOPMENT_TEAM = Y3236QX6RL;
				GENERATE_INFOPLIST_FILE = YES;
				IPHONEOS_DEPLOYMENT_TARGET = 16.2;
				MARKETING_VERSION = 1.0;
				PRODUCT_BUNDLE_IDENTIFIER = CharB.ProteinFlipTests;
				PRODUCT_NAME = "$(TARGET_NAME)";
				SWIFT_EMIT_LOC_STRINGS = NO;
				SWIFT_VERSION = 5.0;
				TARGETED_DEVICE_FAMILY = "1,2";
				TEST_HOST = "$(BUILT_PRODUCTS_DIR)/ProteinFlip.app/$(BUNDLE_EXECUTABLE_FOLDER_PATH)/ProteinFlip";
			};
			name = Release;
		};
		DA4CA8252E5E5AB000095618 /* Debug */ = {
			isa = XCBuildConfiguration;
			buildSettings = {
				ALWAYS_EMBED_SWIFT_STANDARD_LIBRARIES = YES;
				CODE_SIGN_STYLE = Automatic;
				CURRENT_PROJECT_VERSION = 1;
				DEVELOPMENT_TEAM = Y3236QX6RL;
				GENERATE_INFOPLIST_FILE = YES;
				MARKETING_VERSION = 1.0;
				PRODUCT_BUNDLE_IDENTIFIER = CharB.ProteinFlipUITests;
				PRODUCT_NAME = "$(TARGET_NAME)";
				SWIFT_EMIT_LOC_STRINGS = NO;
				SWIFT_VERSION = 5.0;
				TARGETED_DEVICE_FAMILY = "1,2";
				TEST_TARGET_NAME = ProteinFlip;
			};
			name = Debug;
		};
		DA4CA8262E5E5AB000095618 /* Release */ = {
			isa = XCBuildConfiguration;
			buildSettings = {
				ALWAYS_EMBED_SWIFT_STANDARD_LIBRARIES = YES;
				CODE_SIGN_STYLE = Automatic;
				CURRENT_PROJECT_VERSION = 1;
				DEVELOPMENT_TEAM = Y3236QX6RL;
				GENERATE_INFOPLIST_FILE = YES;
				MARKETING_VERSION = 1.0;
				PRODUCT_BUNDLE_IDENTIFIER = CharB.ProteinFlipUITests;
				PRODUCT_NAME = "$(TARGET_NAME)";
				SWIFT_EMIT_LOC_STRINGS = NO;
				SWIFT_VERSION = 5.0;
				TARGETED_DEVICE_FAMILY = "1,2";
				TEST_TARGET_NAME = ProteinFlip;
			};
			name = Release;
		};
/* End XCBuildConfiguration section */

/* Begin XCConfigurationList section */
		DA4CA7EF2E5E5AAC00095618 /* Build configuration list for PBXProject "ProteinFlip" */ = {
			isa = XCConfigurationList;
			buildConfigurations = (
				DA4CA81C2E5E5AB000095618 /* Debug */,
				DA4CA81D2E5E5AB000095618 /* Release */,
			);
			defaultConfigurationIsVisible = 0;
			defaultConfigurationName = Release;
		};
		DA4CA81E2E5E5AB000095618 /* Build configuration list for PBXNativeTarget "ProteinFlip" */ = {
			isa = XCConfigurationList;
			buildConfigurations = (
				DA4CA81F2E5E5AB000095618 /* Debug */,
				DA4CA8202E5E5AB000095618 /* Release */,
			);
			defaultConfigurationIsVisible = 0;
			defaultConfigurationName = Release;
		};
		DA4CA8212E5E5AB000095618 /* Build configuration list for PBXNativeTarget "ProteinFlipTests" */ = {
			isa = XCConfigurationList;
			buildConfigurations = (
				DA4CA8222E5E5AB000095618 /* Debug */,
				DA4CA8232E5E5AB000095618 /* Release */,
			);
			defaultConfigurationIsVisible = 0;
			defaultConfigurationName = Release;
		};
		DA4CA8242E5E5AB000095618 /* Build configuration list for PBXNativeTarget "ProteinFlipUITests" */ = {
			isa = XCConfigurationList;
			buildConfigurations = (
				DA4CA8252E5E5AB000095618 /* Debug */,
				DA4CA8262E5E5AB000095618 /* Release */,
			);
			defaultConfigurationIsVisible = 0;
			defaultConfigurationName = Release;
		};
/* End XCConfigurationList section */
	};
	rootObject = DA4CA7EC2E5E5AAC00095618 /* Project object */;
}
